
Microsoft Visual Studio Solution File, Format Version 12.00
Project("{FAE04EC0-301F-11D3-BF4B-00C04F79EFBC}") = "Expulsion.Erenshor.SpellSkillCleanupFix", "Expulsion.Erenshor.SpellSkillCleanupFix\Expulsion.Erenshor.SpellSkillCleanupFix.csproj", "{80CB9D0A-39A4-48F7-BA17-A5F777642EE0}"
EndProject
Global
	GlobalSection(SolutionConfigurationPlatforms) = preSolution
		Debug|Any CPU = Debug|Any CPU
		Release|Any CPU = Release|Any CPU
	EndGlobalSection
	GlobalSection(ProjectConfigurationPlatforms) = postSolution
		{80CB9D0A-39A4-48F7-BA17-A5F777642EE0}.Debug|Any CPU.ActiveCfg = Debug|Any CPU
		{80CB9D0A-39A4-48F7-BA17-A5F777642EE0}.Debug|Any CPU.Build.0 = Debug|Any CPU
		{80CB9D0A-39A4-48F7-BA17-A5F777642EE0}.Release|Any CPU.ActiveCfg = Release|Any CPU
		{80CB9D0A-39A4-48F7-BA17-A5F777642EE0}.Release|Any CPU.Build.0 = Release|Any CPU
	EndGlobalSection
EndGlobal
